<?xml version="1.0" encoding="utf-8"?>
<Project ToolsVersion="4.0" xmlns="http://schemas.microsoft.com/developer/msbuild/2003">
  <ItemGroup>
    <Filter Include="Исходные файлы">
      <UniqueIdentifier>{4FC737F1-C7A5-4376-A066-2A32D752A2FF}</UniqueIdentifier>
      <Extensions>cpp;c;cc;cxx;c++;cppm;ixx;def;odl;idl;hpj;bat;asm;asmx</Extensions>
    </Filter>
    <Filter Include="Файлы заголовков">
      <UniqueIdentifier>{93995380-89BD-4b04-88EB-625FBE52EBFB}</UniqueIdentifier>
      <Extensions>h;hh;hpp;hxx;h++;hm;inl;inc;ipp;xsd</Extensions>
    </Filter>
    <Filter Include="Файлы ресурсов">
      <UniqueIdentifier>{67DA6AB6-F800-4c08-8B7A-83BB121AAD01}</UniqueIdentifier>
      <Extensions>rc;ico;cur;bmp;dlg;rc2;rct;bin;rgs;gif;jpg;jpeg;jpe;resx;tiff;tif;png;wav;mfcribbon-ms</Extensions>
    </Filter>
    <Filter Include="Исходные файлы\game">
      <UniqueIdentifier>{4f03b92d-3a62-42aa-b04d-e6213084c1c3}</UniqueIdentifier>
    </Filter>
    <Filter Include="Исходные файлы\engine">
      <UniqueIdentifier>{6203783e-ad2d-42ee-9964-3f171a4191d4}</UniqueIdentifier>
    </Filter>
    <Filter Include="Файлы заголовков\game">
      <UniqueIdentifier>{e7bee075-6bcf-4a62-bc6b-f0715203eaa8}</UniqueIdentifier>
    </Filter>
    <Filter Include="Файлы заголовков\engine">
      <UniqueIdentifier>{a612ba96-b20b-42e3-9072-b543449d59dc}</UniqueIdentifier>
    </Filter>
    <Filter Include="Файлы заголовков\engine\src">
      <UniqueIdentifier>{f951b113-b2d9-44b7-9175-6f815997e088}</UniqueIdentifier>
    </Filter>
    <Filter Include="Файлы заголовков\engine\src\platform">
      <UniqueIdentifier>{bca9814a-591c-4bb3-b0d0-ad56e5ed1b4c}</UniqueIdentifier>
    </Filter>
    <Filter Include="Файлы заголовков\engine\src\platform\windows">
      <UniqueIdentifier>{60747bb1-0303-492a-93fe-a192bca04b1a}</UniqueIdentifier>
    </Filter>
    <Filter Include="Файлы заголовков\engine\include">
      <UniqueIdentifier>{dffd2cdb-8baa-4c33-a52c-197af1b552f1}</UniqueIdentifier>
    </Filter>
    <Filter Include="Исходные файлы\engine\src">
      <UniqueIdentifier>{8c784e9f-ea0f-42ca-a0b2-92493240e1e9}</UniqueIdentifier>
    </Filter>
    <Filter Include="Исходные файлы\engine\src\platform">
      <UniqueIdentifier>{fee45bda-d7d0-440e-a3d1-18aacaa4f0d2}</UniqueIdentifier>
    </Filter>
    <Filter Include="Исходные файлы\engine\src\platform\windows">
      <UniqueIdentifier>{d90b5a65-51ec-4e68-960e-e366708cd036}</UniqueIdentifier>
    </Filter>
    <Filter Include="Исходные файлы\engine\src\platform\windows\window_impl">
      <UniqueIdentifier>{37f8dda2-db12-4811-977a-de133f6cfaf4}</UniqueIdentifier>
    </Filter>
    <Filter Include="Файлы заголовков\engine\src\platform\windows\window_impl">
      <UniqueIdentifier>{4fedeabc-3ff7-4e07-8c67-82550e659812}</UniqueIdentifier>
    </Filter>
  </ItemGroup>
  <ItemGroup>
    <ClCompile Include="game\src\main.cpp">
      <Filter>Исходные файлы</Filter>
    </ClCompile>
    <ClCompile Include="game\src\game.cpp">
      <Filter>Исходные файлы\game</Filter>
    </ClCompile>
    <ClCompile Include="engine\src\platform\windows\platform_impl.cpp">
      <Filter>Исходные файлы\engine\src\platform\windows</Filter>
    </ClCompile>
    <ClCompile Include="engine\src\engine_impl.cpp">
      <Filter>Исходные файлы\engine\src</Filter>
    </ClCompile>
    <ClCompile Include="engine\src\platform\windows\window_impl\window_descriptor.cpp">
      <Filter>Исходные файлы\engine\src\platform\windows\window_impl</Filter>
    </ClCompile>
    <ClCompile Include="engine\src\platform\windows\window_impl\window_handler.cpp">
      <Filter>Исходные файлы\engine\src\platform\windows\window_impl</Filter>
    </ClCompile>
    <ClCompile Include="engine\src\platform\windows\window_impl\window_impl.cpp">
      <Filter>Исходные файлы\engine\src\platform\windows\window_impl</Filter>
    </ClCompile>
    <ClCompile Include="engine\src\platform\platform_ui.cpp">
      <Filter>Исходные файлы\engine\src\platform</Filter>
    </ClCompile>
    <ClCompile Include="engine\src\window_impl.cpp">
      <Filter>Исходные файлы\engine\src</Filter>
    </ClCompile>
  </ItemGroup>
  <ItemGroup>
    <ClInclude Include="game\src\game.h">
      <Filter>Файлы заголовков\game</Filter>
    </ClInclude>
    <ClInclude Include="engine\include\engine_ui.h">
      <Filter>Файлы заголовков\engine\include</Filter>
    </ClInclude>
    <ClInclude Include="engine\include\window_ui.h">
      <Filter>Файлы заголовков\engine\include</Filter>
    </ClInclude>
    <ClInclude Include="engine\src\window_impl.h">
      <Filter>Файлы заголовков\engine\src</Filter>
    </ClInclude>
    <ClInclude Include="engine\src\engine_impl.h">
      <Filter>Файлы заголовков\engine\src</Filter>
    </ClInclude>
    <ClInclude Include="engine\src\platform\macros_def.h">
      <Filter>Файлы заголовков\engine\src\platform</Filter>
    </ClInclude>
    <ClInclude Include="engine\src\platform\platform_ui.h">
      <Filter>Файлы заголовков\engine\src\platform</Filter>
    </ClInclude>
    <ClInclude Include="engine\src\platform\window_ui.h">
      <Filter>Файлы заголовков\engine\src\platform</Filter>
    </ClInclude>
    <ClInclude Include="engine\src\platform\windows\platform_impl.h">
      <Filter>Файлы заголовков\engine\src\platform\windows</Filter>
    </ClInclude>
    <ClInclude Include="engine\src\platform\windows\window_impl\window_descriptor.h">
      <Filter>Файлы заголовков\engine\src\platform\windows\window_impl</Filter>
    </ClInclude>
    <ClInclude Include="engine\src\platform\windows\window_impl\window_handler.h">
      <Filter>Файлы заголовков\engine\src\platform\windows\window_impl</Filter>
    </ClInclude>
    <ClInclude Include="engine\src\platform\windows\window_impl\window_impl.h">
      <Filter>Файлы заголовков\engine\src\platform\windows\window_impl</Filter>
    </ClInclude>
    <ClInclude Include="engine\include\std_include.h">
      <Filter>Файлы заголовков\engine\include</Filter>
    </ClInclude>
  </ItemGroup>
  <ItemGroup>
    <None Include="ClassDiagram.cd" />
  </ItemGroup>
</Project>