<?xml version="1.0" encoding="utf-8"?>
<Project ToolsVersion="4.0" xmlns="http://schemas.microsoft.com/developer/msbuild/2003">
  <ItemGroup>
    <Filter Include="src">
      <UniqueIdentifier>{4FC737F1-C7A5-4376-A066-2A32D752A2FF}</UniqueIdentifier>
      <Extensions>cpp;c;cc;cxx;c++;cppm;ixx;def;odl;idl;hpj;bat;asm;asmx</Extensions>
    </Filter>
    <Filter Include="src\engine">
      <UniqueIdentifier>{f33f5589-046e-4e67-a5a4-8bed4255cb47}</UniqueIdentifier>
    </Filter>
    <Filter Include="src\game">
      <UniqueIdentifier>{5c4013b1-5cb4-4d8b-a1e6-aede286fa794}</UniqueIdentifier>
    </Filter>
    <Filter Include="src\engine\var">
      <UniqueIdentifier>{d09bca4b-1f0d-48bb-994e-2e4ff0ecead6}</UniqueIdentifier>
    </Filter>
    <Filter Include="src\engine\core">
      <UniqueIdentifier>{3cac6ce7-919d-4330-85a5-a09bf51a1cd7}</UniqueIdentifier>
    </Filter>
    <Filter Include="src\engine\core\control">
      <UniqueIdentifier>{592a4407-897d-4d59-ba69-8a59185fdc07}</UniqueIdentifier>
    </Filter>
    <Filter Include="src\engine\core\def">
      <UniqueIdentifier>{8f9802ba-769d-4440-ab7c-68f18e587130}</UniqueIdentifier>
    </Filter>
    <Filter Include="src\engine\core\event">
      <UniqueIdentifier>{a2381d4f-a212-4c40-b88c-ce4ed57bf272}</UniqueIdentifier>
    </Filter>
    <Filter Include="src\engine\def">
      <UniqueIdentifier>{63c4c2f0-6f5a-4b2c-bec1-6caa079e6493}</UniqueIdentifier>
    </Filter>
    <Filter Include="src\engine\render">
      <UniqueIdentifier>{e17cecd6-55a8-4c59-8a82-3279494c6e11}</UniqueIdentifier>
    </Filter>
    <Filter Include="src\engine\render\camera">
      <UniqueIdentifier>{29da26b8-2365-4a74-9e7d-8fd743fb4213}</UniqueIdentifier>
    </Filter>
    <Filter Include="src\engine\render\device">
      <UniqueIdentifier>{58e48af9-6a37-44d6-8651-851893db3d62}</UniqueIdentifier>
    </Filter>
    <Filter Include="src\engine\render\device\directx">
      <UniqueIdentifier>{3af79f61-bfef-48eb-bf05-581aa2752ad8}</UniqueIdentifier>
    </Filter>
    <Filter Include="src\engine\render\settings">
      <UniqueIdentifier>{341d60b7-d4e2-4266-8d96-11b9d4598376}</UniqueIdentifier>
    </Filter>
    <Filter Include="src\engine\render\shader">
      <UniqueIdentifier>{db003e82-8204-4be7-ba68-abaaf2858f71}</UniqueIdentifier>
    </Filter>
    <Filter Include="src\engine\render\shader\directx">
      <UniqueIdentifier>{b380f5a5-f1fd-4c51-b3e7-4d78bd890f3c}</UniqueIdentifier>
    </Filter>
    <Filter Include="src\engine\render\mesh">
      <UniqueIdentifier>{214d13b2-5a2d-4d64-9057-cfc36cc81cd6}</UniqueIdentifier>
    </Filter>
    <Filter Include="src\engine\render\model">
      <UniqueIdentifier>{b62c1b12-0313-4c75-b172-c9590db449ea}</UniqueIdentifier>
    </Filter>
    <Filter Include="src\engine\render\shader\def">
      <UniqueIdentifier>{3fdb270a-031b-4a6e-9b46-d5ad92a7d4a1}</UniqueIdentifier>
    </Filter>
    <Filter Include="src\engine\render\shader\directx\def">
      <UniqueIdentifier>{516e0c54-0597-4828-8a57-5af1d0b4e65d}</UniqueIdentifier>
    </Filter>
    <Filter Include="src\engine\render\def">
      <UniqueIdentifier>{6b9b3ae8-2934-4e86-a88e-59f65285b3b1}</UniqueIdentifier>
    </Filter>
    <Filter Include="src\engine\render\vertices">
      <UniqueIdentifier>{9dae40be-f2ed-4d34-9ee1-6ecdabf1f40e}</UniqueIdentifier>
    </Filter>
    <Filter Include="src\engine\render\vertices\directx">
      <UniqueIdentifier>{122a12c2-5f05-415a-9614-fa0401da01a0}</UniqueIdentifier>
    </Filter>
    <Filter Include="src\engine\render\vertices\directx\def">
      <UniqueIdentifier>{0ec06a09-383e-4a62-8cf7-f3f630c0409d}</UniqueIdentifier>
    </Filter>
    <Filter Include="src\engine\render\vertices\def">
      <UniqueIdentifier>{bc9f234c-5794-4dda-9a35-439867e6e68d}</UniqueIdentifier>
    </Filter>
    <Filter Include="src\engine\render\settings\def">
      <UniqueIdentifier>{46278827-f978-4375-8e37-26ca9b58639c}</UniqueIdentifier>
    </Filter>
    <Filter Include="src\engine\render\model\def">
      <UniqueIdentifier>{609ead3b-e2a7-41c9-bf3b-0964e908152c}</UniqueIdentifier>
    </Filter>
    <Filter Include="src\engine\render\mesh\def">
      <UniqueIdentifier>{c9966710-844f-437e-9e10-6935a66f4cd1}</UniqueIdentifier>
    </Filter>
    <Filter Include="src\engine\render\indices">
      <UniqueIdentifier>{f2ae02c9-8a0c-4073-90dd-00abe48872df}</UniqueIdentifier>
    </Filter>
    <Filter Include="src\engine\render\indices\directx">
      <UniqueIdentifier>{d6f3091c-416b-4910-b7fa-72035029426f}</UniqueIdentifier>
    </Filter>
    <Filter Include="src\engine\render\indices\def">
      <UniqueIdentifier>{d5747ddd-84d7-4665-b425-7011454b5399}</UniqueIdentifier>
    </Filter>
    <Filter Include="src\engine\render\indices\directx\def">
      <UniqueIdentifier>{eccf8c4c-8372-445f-9815-e22c407ac01a}</UniqueIdentifier>
    </Filter>
    <Filter Include="src\engine\render\device\def">
      <UniqueIdentifier>{c4321a51-5739-4211-94d0-aaac3c26d943}</UniqueIdentifier>
    </Filter>
    <Filter Include="src\engine\render\device\directx\def">
      <UniqueIdentifier>{09c8338a-b9b7-497e-a6e6-034c4da034e8}</UniqueIdentifier>
    </Filter>
    <Filter Include="src\engine\render\camera\def">
      <UniqueIdentifier>{051c76d2-ea66-4587-8ae6-dee5358b8441}</UniqueIdentifier>
    </Filter>
    <Filter Include="src\engine\core\event\def">
      <UniqueIdentifier>{0c343558-e408-42bf-be56-3193193aa86c}</UniqueIdentifier>
    </Filter>
    <Filter Include="src\engine\var\def">
      <UniqueIdentifier>{04cf6933-9557-497b-86de-3d921c4c4d53}</UniqueIdentifier>
    </Filter>
    <Filter Include="src\engine\core\event\win32">
      <UniqueIdentifier>{317b4c90-b6d8-4c0d-910b-c27fffdad58c}</UniqueIdentifier>
    </Filter>
    <Filter Include="src\engine\core\event\win32\def">
      <UniqueIdentifier>{2c92216c-2265-46bb-a3f4-404edeefcd76}</UniqueIdentifier>
    </Filter>
    <Filter Include="src\engine\core\view">
      <UniqueIdentifier>{64f5e3e3-d963-4a24-9588-0ce1d371bf0a}</UniqueIdentifier>
    </Filter>
    <Filter Include="src\engine\core\view\def">
      <UniqueIdentifier>{1b7de75c-bfd5-4d92-9c2c-6f7dee841df7}</UniqueIdentifier>
    </Filter>
    <Filter Include="src\engine\core\view\win32">
      <UniqueIdentifier>{19fb1d89-852b-4963-b243-8444f427422d}</UniqueIdentifier>
    </Filter>
    <Filter Include="src\engine\core\view\win32\def">
      <UniqueIdentifier>{7a15639d-8716-4e31-bced-03440ea6d68f}</UniqueIdentifier>
    </Filter>
    <Filter Include="src\engine\core\settings">
      <UniqueIdentifier>{7f8719b8-3eb9-4c58-b79b-9312c07b39cc}</UniqueIdentifier>
    </Filter>
    <Filter Include="src\engine\core\settings\def">
      <UniqueIdentifier>{09a7cf8e-24ea-4aec-b290-4816c1c7cdd9}</UniqueIdentifier>
    </Filter>
    <Filter Include="src\game\def">
      <UniqueIdentifier>{6203687e-b5cd-4a22-96b1-810586eaead8}</UniqueIdentifier>
    </Filter>
  </ItemGroup>
  <ItemGroup>
    <ClCompile Include="src\main.cpp">
      <Filter>src</Filter>
    </ClCompile>
    <ClCompile Include="src\game\api_game.cpp">
      <Filter>src\game</Filter>
    </ClCompile>
    <ClCompile Include="src\engine\var\matrix4.cpp">
      <Filter>src\engine\var</Filter>
    </ClCompile>
    <ClCompile Include="src\engine\var\string.cpp">
      <Filter>src\engine\var</Filter>
    </ClCompile>
    <ClCompile Include="src\engine\var\vector3.cpp">
      <Filter>src\engine\var</Filter>
    </ClCompile>
    <ClCompile Include="src\engine\var\vector4.cpp">
      <Filter>src\engine\var</Filter>
    </ClCompile>
    <ClCompile Include="src\engine\var\vertex.cpp">
      <Filter>src\engine\var</Filter>
    </ClCompile>
    <ClCompile Include="src\engine\var\error.cpp">
      <Filter>src\engine\var</Filter>
    </ClCompile>
    <ClCompile Include="src\engine\core\api_core.cpp">
      <Filter>src\engine\core</Filter>
    </ClCompile>
    <ClCompile Include="src\engine\core\control\api_control.cpp">
      <Filter>src\engine\core\control</Filter>
    </ClCompile>
    <ClCompile Include="src\engine\core\event\api_event.cpp">
      <Filter>src\engine\core\event</Filter>
    </ClCompile>
    <ClCompile Include="src\engine\render\api_render.cpp">
      <Filter>src\engine\render</Filter>
    </ClCompile>
    <ClCompile Include="src\engine\render\camera\api_camera.cpp">
      <Filter>src\engine\render\camera</Filter>
    </ClCompile>
    <ClCompile Include="src\engine\render\camera\impl_camera.cpp">
      <Filter>src\engine\render\camera</Filter>
    </ClCompile>
    <ClCompile Include="src\engine\render\device\api_device.cpp">
      <Filter>src\engine\render\device</Filter>
    </ClCompile>
    <ClCompile Include="src\engine\render\device\directx\impl_device.cpp">
      <Filter>src\engine\render\device\directx</Filter>
    </ClCompile>
    <ClCompile Include="src\engine\render\settings\api_settings.cpp">
      <Filter>src\engine\render\settings</Filter>
    </ClCompile>
    <ClCompile Include="src\engine\render\shader\api_shader.cpp">
      <Filter>src\engine\render\shader</Filter>
    </ClCompile>
    <ClCompile Include="src\engine\render\shader\directx\impl_shader.cpp">
      <Filter>src\engine\render\shader\directx</Filter>
    </ClCompile>
    <ClCompile Include="src\engine\render\mesh\api_mesh.cpp">
      <Filter>src\engine\render\mesh</Filter>
    </ClCompile>
    <ClCompile Include="src\engine\render\mesh\impl_mesh.cpp">
      <Filter>src\engine\render\mesh</Filter>
    </ClCompile>
    <ClCompile Include="src\engine\render\model\impl_model.cpp">
      <Filter>src\engine\render\model</Filter>
    </ClCompile>
    <ClCompile Include="src\engine\render\model\api_model.cpp">
      <Filter>src\engine\render\model</Filter>
    </ClCompile>
    <ClCompile Include="src\engine\render\vertices\api_vertices.cpp">
      <Filter>src\engine\render\vertices</Filter>
    </ClCompile>
    <ClCompile Include="src\engine\render\vertices\directx\impl_vertices.cpp">
      <Filter>src\engine\render\vertices\directx</Filter>
    </ClCompile>
    <ClCompile Include="src\engine\render\indices\api_indices.cpp">
      <Filter>src\engine\render\indices</Filter>
    </ClCompile>
    <ClCompile Include="src\engine\render\indices\directx\impl_indices.cpp">
      <Filter>src\engine\render\indices\directx</Filter>
    </ClCompile>
    <ClCompile Include="src\engine\core\event\win32\impl_event.cpp">
      <Filter>src\engine\core\event\win32</Filter>
    </ClCompile>
    <ClCompile Include="src\engine\core\view\api_view.cpp">
      <Filter>src\engine\core\view</Filter>
    </ClCompile>
    <ClCompile Include="src\engine\core\view\win32\impl_view.cpp">
      <Filter>src\engine\core\view\win32</Filter>
    </ClCompile>
    <ClCompile Include="src\engine\core\settings\api_settings.cpp">
      <Filter>src\engine\core\settings</Filter>
    </ClCompile>
  </ItemGroup>
  <ItemGroup>
    <ClInclude Include="src\game\api_game.h">
      <Filter>src\game</Filter>
    </ClInclude>
    <ClInclude Include="src\engine\var\map.h">
      <Filter>src\engine\var</Filter>
    </ClInclude>
    <ClInclude Include="src\engine\var\matrix4.h">
      <Filter>src\engine\var</Filter>
    </ClInclude>
    <ClInclude Include="src\engine\var\smart_ptr.h">
      <Filter>src\engine\var</Filter>
    </ClInclude>
    <ClInclude Include="src\engine\var\std.h">
      <Filter>src\engine\var</Filter>
    </ClInclude>
    <ClInclude Include="src\engine\var\string.h">
      <Filter>src\engine\var</Filter>
    </ClInclude>
    <ClInclude Include="src\engine\var\vector.h">
      <Filter>src\engine\var</Filter>
    </ClInclude>
    <ClInclude Include="src\engine\var\vector3.h">
      <Filter>src\engine\var</Filter>
    </ClInclude>
    <ClInclude Include="src\engine\var\vector4.h">
      <Filter>src\engine\var</Filter>
    </ClInclude>
    <ClInclude Include="src\engine\var\vertex.h">
      <Filter>src\engine\var</Filter>
    </ClInclude>
    <ClInclude Include="src\engine\var\array.h">
      <Filter>src\engine\var</Filter>
    </ClInclude>
    <ClInclude Include="src\engine\var\const.h">
      <Filter>src\engine\var</Filter>
    </ClInclude>
    <ClInclude Include="src\engine\var\error.h">
      <Filter>src\engine\var</Filter>
    </ClInclude>
    <ClInclude Include="src\engine\core\api_core.h">
      <Filter>src\engine\core</Filter>
    </ClInclude>
    <ClInclude Include="src\engine\core\control\api_control.h">
      <Filter>src\engine\core\control</Filter>
    </ClInclude>
    <ClInclude Include="src\engine\core\event\api_event.h">
      <Filter>src\engine\core\event</Filter>
    </ClInclude>
    <ClInclude Include="src\engine\def\abstract.h">
      <Filter>src\engine\def</Filter>
    </ClInclude>
    <ClInclude Include="src\engine\render\api_render.h">
      <Filter>src\engine\render</Filter>
    </ClInclude>
    <ClInclude Include="src\engine\render\camera\api_camera.h">
      <Filter>src\engine\render\camera</Filter>
    </ClInclude>
    <ClInclude Include="src\engine\render\camera\impl_camera.h">
      <Filter>src\engine\render\camera</Filter>
    </ClInclude>
    <ClInclude Include="src\engine\render\camera\obj_camera.h">
      <Filter>src\engine\render\camera</Filter>
    </ClInclude>
    <ClInclude Include="src\engine\render\device\api_device.h">
      <Filter>src\engine\render\device</Filter>
    </ClInclude>
    <ClInclude Include="src\engine\render\device\directx\impl_device.h">
      <Filter>src\engine\render\device\directx</Filter>
    </ClInclude>
    <ClInclude Include="src\engine\render\settings\api_settings.h">
      <Filter>src\engine\render\settings</Filter>
    </ClInclude>
    <ClInclude Include="src\engine\render\settings\obj_settings.h">
      <Filter>src\engine\render\settings</Filter>
    </ClInclude>
    <ClInclude Include="src\engine\render\shader\api_shader.h">
      <Filter>src\engine\render\shader</Filter>
    </ClInclude>
    <ClInclude Include="src\engine\render\shader\obj_shader.h">
      <Filter>src\engine\render\shader</Filter>
    </ClInclude>
    <ClInclude Include="src\engine\render\shader\directx\impl_shader.h">
      <Filter>src\engine\render\shader\directx</Filter>
    </ClInclude>
    <ClInclude Include="src\engine\def\platform.h">
      <Filter>src\engine\def</Filter>
    </ClInclude>
    <ClInclude Include="src\engine\render\device\obj_device.h">
      <Filter>src\engine\render\device</Filter>
    </ClInclude>
    <ClInclude Include="src\engine\render\mesh\api_mesh.h">
      <Filter>src\engine\render\mesh</Filter>
    </ClInclude>
    <ClInclude Include="src\engine\render\mesh\obj_mesh.h">
      <Filter>src\engine\render\mesh</Filter>
    </ClInclude>
    <ClInclude Include="src\engine\render\mesh\impl_mesh.h">
      <Filter>src\engine\render\mesh</Filter>
    </ClInclude>
    <ClInclude Include="src\engine\render\model\api_model.h">
      <Filter>src\engine\render\model</Filter>
    </ClInclude>
    <ClInclude Include="src\engine\render\model\impl_model.h">
      <Filter>src\engine\render\model</Filter>
    </ClInclude>
    <ClInclude Include="src\engine\render\model\obj_model.h">
      <Filter>src\engine\render\model</Filter>
    </ClInclude>
    <ClInclude Include="src\engine\render\shader\def\incl_s_api_shader.h">
      <Filter>src\engine\render\shader\def</Filter>
    </ClInclude>
    <ClInclude Include="src\engine\render\shader\def\incl_h_api_shader.h">
      <Filter>src\engine\render\shader\def</Filter>
    </ClInclude>
    <ClInclude Include="src\engine\render\shader\def\incl_h_obj_shader.h">
      <Filter>src\engine\render\shader\def</Filter>
    </ClInclude>
    <ClInclude Include="src\engine\render\shader\directx\def\incl_h_impl_shader.h">
      <Filter>src\engine\render\shader\directx\def</Filter>
    </ClInclude>
    <ClInclude Include="src\engine\render\shader\directx\def\incl_s_impl_shader.h">
      <Filter>src\engine\render\shader\directx\def</Filter>
    </ClInclude>
    <ClInclude Include="src\engine\render\def\incl_h_api_render.h">
      <Filter>src\engine\render\def</Filter>
    </ClInclude>
    <ClInclude Include="src\engine\render\def\incl_s_api_render.h">
      <Filter>src\engine\render\def</Filter>
    </ClInclude>
    <ClInclude Include="src\engine\render\vertices\api_vertices.h">
      <Filter>src\engine\render\vertices</Filter>
    </ClInclude>
    <ClInclude Include="src\engine\render\vertices\obj_vertices.h">
      <Filter>src\engine\render\vertices</Filter>
    </ClInclude>
    <ClInclude Include="src\engine\render\vertices\def\incl_h_api_vertices.h">
      <Filter>src\engine\render\vertices\def</Filter>
    </ClInclude>
    <ClInclude Include="src\engine\render\vertices\def\incl_h_obj_vertices.h">
      <Filter>src\engine\render\vertices\def</Filter>
    </ClInclude>
    <ClInclude Include="src\engine\render\vertices\def\incl_s_api_vertices.h">
      <Filter>src\engine\render\vertices\def</Filter>
    </ClInclude>
    <ClInclude Include="src\engine\render\vertices\directx\impl_vertices.h">
      <Filter>src\engine\render\vertices\directx</Filter>
    </ClInclude>
    <ClInclude Include="src\engine\render\vertices\directx\def\incl_h_impl_vertices.h">
      <Filter>src\engine\render\vertices\directx\def</Filter>
    </ClInclude>
    <ClInclude Include="src\engine\render\vertices\directx\def\incl_s_impl_vertices.h">
      <Filter>src\engine\render\vertices\directx\def</Filter>
    </ClInclude>
    <ClInclude Include="src\engine\render\settings\def\incl_h_api_settings.h">
      <Filter>src\engine\render\settings\def</Filter>
    </ClInclude>
    <ClInclude Include="src\engine\render\settings\def\incl_h_obj_settings.h">
      <Filter>src\engine\render\settings\def</Filter>
    </ClInclude>
    <ClInclude Include="src\engine\render\settings\def\incl_s_api_settings.h">
      <Filter>src\engine\render\settings\def</Filter>
    </ClInclude>
    <ClInclude Include="src\engine\render\model\def\incl_h_api_model.h">
      <Filter>src\engine\render\model\def</Filter>
    </ClInclude>
    <ClInclude Include="src\engine\render\model\def\incl_h_impl_model.h">
      <Filter>src\engine\render\model\def</Filter>
    </ClInclude>
    <ClInclude Include="src\engine\render\model\def\incl_h_obj_model.h">
      <Filter>src\engine\render\model\def</Filter>
    </ClInclude>
    <ClInclude Include="src\engine\render\model\def\incl_s_api_model.h">
      <Filter>src\engine\render\model\def</Filter>
    </ClInclude>
    <ClInclude Include="src\engine\render\model\def\incl_s_impl_model.h">
      <Filter>src\engine\render\model\def</Filter>
    </ClInclude>
    <ClInclude Include="src\engine\render\mesh\def\incl_h_obj_mesh.h">
      <Filter>src\engine\render\mesh\def</Filter>
    </ClInclude>
    <ClInclude Include="src\engine\render\mesh\def\incl_s_api_mesh.h">
      <Filter>src\engine\render\mesh\def</Filter>
    </ClInclude>
    <ClInclude Include="src\engine\render\mesh\def\incl_h_api_mesh.h">
      <Filter>src\engine\render\mesh\def</Filter>
    </ClInclude>
    <ClInclude Include="src\engine\render\mesh\def\incl_s_impl_mesh.h">
      <Filter>src\engine\render\mesh\def</Filter>
    </ClInclude>
    <ClInclude Include="src\engine\render\mesh\def\incl_h_impl_mesh.h">
      <Filter>src\engine\render\mesh\def</Filter>
    </ClInclude>
    <ClInclude Include="src\engine\render\indices\api_indices.h">
      <Filter>src\engine\render\indices</Filter>
    </ClInclude>
    <ClInclude Include="src\engine\render\indices\obj_indices.h">
      <Filter>src\engine\render\indices</Filter>
    </ClInclude>
    <ClInclude Include="src\engine\render\indices\def\incl_s_api_indices.h">
      <Filter>src\engine\render\indices\def</Filter>
    </ClInclude>
    <ClInclude Include="src\engine\render\indices\def\incl_h_api_indices.h">
      <Filter>src\engine\render\indices\def</Filter>
    </ClInclude>
    <ClInclude Include="src\engine\render\indices\def\incl_h_obj_indices.h">
      <Filter>src\engine\render\indices\def</Filter>
    </ClInclude>
    <ClInclude Include="src\engine\render\indices\directx\def\incl_s_impl_indices.h">
      <Filter>src\engine\render\indices\directx\def</Filter>
    </ClInclude>
    <ClInclude Include="src\engine\render\indices\directx\def\incl_h_impl_indices.h">
      <Filter>src\engine\render\indices\directx\def</Filter>
    </ClInclude>
    <ClInclude Include="src\engine\render\indices\directx\impl_indices.h">
      <Filter>src\engine\render\indices\directx</Filter>
    </ClInclude>
    <ClInclude Include="src\engine\render\device\def\incl_h_api_device.h">
      <Filter>src\engine\render\device\def</Filter>
    </ClInclude>
    <ClInclude Include="src\engine\render\device\def\incl_h_obj_device.h">
      <Filter>src\engine\render\device\def</Filter>
    </ClInclude>
    <ClInclude Include="src\engine\render\device\def\incl_s_api_device.h">
      <Filter>src\engine\render\device\def</Filter>
    </ClInclude>
    <ClInclude Include="src\engine\render\device\directx\def\incl_s_impl_device.h">
      <Filter>src\engine\render\device\directx\def</Filter>
    </ClInclude>
    <ClInclude Include="src\engine\render\device\directx\def\incl_h_impl_device.h">
      <Filter>src\engine\render\device\directx\def</Filter>
    </ClInclude>
    <ClInclude Include="src\engine\render\camera\def\incl_s_api_camera.h">
      <Filter>src\engine\render\camera\def</Filter>
    </ClInclude>
    <ClInclude Include="src\engine\render\camera\def\incl_h_api_camera.h">
      <Filter>src\engine\render\camera\def</Filter>
    </ClInclude>
    <ClInclude Include="src\engine\render\camera\def\incl_s_impl_camera.h">
      <Filter>src\engine\render\camera\def</Filter>
    </ClInclude>
    <ClInclude Include="src\engine\render\camera\def\incl_h_impl_camera.h">
      <Filter>src\engine\render\camera\def</Filter>
    </ClInclude>
    <ClInclude Include="src\engine\render\camera\def\incl_h_obj_camera.h">
      <Filter>src\engine\render\camera\def</Filter>
    </ClInclude>
    <ClInclude Include="src\engine\core\event\def\incl_h_api_event.h">
      <Filter>src\engine\core\event\def</Filter>
    </ClInclude>
    <ClInclude Include="src\engine\core\event\def\incl_s_api_event.h">
      <Filter>src\engine\core\event\def</Filter>
    </ClInclude>
    <ClInclude Include="src\engine\core\event\obj_event.h">
      <Filter>src\engine\core\event</Filter>
    </ClInclude>
    <ClInclude Include="src\engine\core\event\def\incl_h_obj_event.h">
      <Filter>src\engine\core\event\def</Filter>
    </ClInclude>
    <ClInclude Include="src\engine\var\queue.h">
      <Filter>src\engine\var</Filter>
    </ClInclude>
    <ClInclude Include="src\engine\var\def\incl_h_queue.h">
      <Filter>src\engine\var\def</Filter>
    </ClInclude>
    <ClInclude Include="src\engine\core\event\win32\impl_event.h">
      <Filter>src\engine\core\event\win32</Filter>
    </ClInclude>
    <ClInclude Include="src\engine\core\event\win32\def\incl_h_impl_event.h">
      <Filter>src\engine\core\event\win32\def</Filter>
    </ClInclude>
    <ClInclude Include="src\engine\core\event\win32\def\incl_s_impl_event.h">
      <Filter>src\engine\core\event\win32\def</Filter>
    </ClInclude>
    <ClInclude Include="src\engine\core\view\api_view.h">
      <Filter>src\engine\core\view</Filter>
    </ClInclude>
    <ClInclude Include="src\engine\core\view\def\incl_h_api_view.h">
      <Filter>src\engine\core\view\def</Filter>
    </ClInclude>
    <ClInclude Include="src\engine\core\view\def\incl_s_api_view.h">
      <Filter>src\engine\core\view\def</Filter>
    </ClInclude>
    <ClInclude Include="src\engine\core\view\def\incl_h_obj_view.h">
      <Filter>src\engine\core\view\def</Filter>
    </ClInclude>
    <ClInclude Include="src\engine\core\view\obj_view.h">
      <Filter>src\engine\core\view</Filter>
    </ClInclude>
    <ClInclude Include="src\engine\core\view\win32\impl_view.h">
      <Filter>src\engine\core\view\win32</Filter>
    </ClInclude>
    <ClInclude Include="src\engine\core\view\win32\def\incl_h_impl_view.h">
      <Filter>src\engine\core\view\win32\def</Filter>
    </ClInclude>
    <ClInclude Include="src\engine\core\view\win32\def\incl_s_impl_view.h">
      <Filter>src\engine\core\view\win32\def</Filter>
    </ClInclude>
    <ClInclude Include="src\engine\core\def\incl_s_api_core.h">
      <Filter>src\engine\core\def</Filter>
    </ClInclude>
    <ClInclude Include="src\engine\core\def\incl_h_api_core.h">
      <Filter>src\engine\core\def</Filter>
    </ClInclude>
    <ClInclude Include="src\engine\core\settings\api_settings.h">
      <Filter>src\engine\core\settings</Filter>
    </ClInclude>
    <ClInclude Include="src\engine\core\settings\obj_settings.h">
      <Filter>src\engine\core\settings</Filter>
    </ClInclude>
    <ClInclude Include="src\engine\core\settings\def\incl_h_api_settings.h">
      <Filter>src\engine\core\settings\def</Filter>
    </ClInclude>
    <ClInclude Include="src\engine\core\settings\def\incl_h_obj_settings.h">
      <Filter>src\engine\core\settings\def</Filter>
    </ClInclude>
    <ClInclude Include="src\engine\core\settings\def\incl_s_api_settings.h">
      <Filter>src\engine\core\settings\def</Filter>
    </ClInclude>
    <ClInclude Include="src\game\def\incl_h_api_game.h">
      <Filter>src\game\def</Filter>
    </ClInclude>
    <ClInclude Include="src\game\def\incl_s_api_game.h">
      <Filter>src\game\def</Filter>
    </ClInclude>
    <ClInclude Include="src\engine\var\def\incl_h_array.h">
      <Filter>src\engine\var\def</Filter>
    </ClInclude>
    <ClInclude Include="src\engine\var\def\incl_h_const.h">
      <Filter>src\engine\var\def</Filter>
    </ClInclude>
    <ClInclude Include="src\engine\var\def\incl_h_error.h">
      <Filter>src\engine\var\def</Filter>
    </ClInclude>
    <ClInclude Include="src\engine\var\def\incl_s_error.h">
      <Filter>src\engine\var\def</Filter>
    </ClInclude>
    <ClInclude Include="src\engine\var\def\incl_h_map.h">
      <Filter>src\engine\var\def</Filter>
    </ClInclude>
    <ClInclude Include="src\engine\var\def\icnl_s_matrix4.h">
      <Filter>src\engine\var\def</Filter>
    </ClInclude>
    <ClInclude Include="src\engine\var\def\incl_h_matrix4.h">
      <Filter>src\engine\var\def</Filter>
    </ClInclude>
    <ClInclude Include="src\engine\var\def\incl_h_smart_ptr.h">
      <Filter>src\engine\var\def</Filter>
    </ClInclude>
    <ClInclude Include="src\engine\var\def\incl_h_std.h">
      <Filter>src\engine\var\def</Filter>
    </ClInclude>
    <ClInclude Include="src\engine\var\def\incl_h_string.h">
      <Filter>src\engine\var\def</Filter>
    </ClInclude>
    <ClInclude Include="src\engine\var\def\incl_s_string.h">
      <Filter>src\engine\var\def</Filter>
    </ClInclude>
    <ClInclude Include="src\engine\var\def\incl_h_vector.h">
      <Filter>src\engine\var\def</Filter>
    </ClInclude>
    <ClInclude Include="src\engine\var\def\incl_h_vector3.h">
      <Filter>src\engine\var\def</Filter>
    </ClInclude>
    <ClInclude Include="src\engine\var\def\incl_s_vector3.h">
      <Filter>src\engine\var\def</Filter>
    </ClInclude>
  </ItemGroup>
</Project>